
Microsoft Visual Studio Solution File, Format Version 12.00
# Visual Studio Version 17
VisualStudioVersion = 17.0.31903.59
MinimumVisualStudioVersion = 10.0.40219.1
Project("{FAE04EC0-301F-11D3-BF4B-00C04F79EFBC}") = "ErrorLogPrioritization.Api", "ErrorLogPrioritization.Api\ErrorLogPrioritization.Api.csproj", "{BD9E8C0A-3DB3-448D-AF05-48890C93ACED}"
EndProject
Project("{FAE04EC0-301F-11D3-BF4B-00C04F79EFBC}") = "ErrorLogPrioritization.Api.Tests", "ErrorLogPrioritization.Api.Tests\ErrorLogPrioritization.Api.Tests.csproj", "{1E5496A1-7E2C-4F11-87B8-EDB5D13FE3AA}"
EndProject
Global
	GlobalSection(SolutionConfigurationPlatforms) = preSolution
		Debug|Any CPU = Debug|Any CPU
		Debug|x64 = Debug|x64
		Debug|x86 = Debug|x86
		Release|Any CPU = Release|Any CPU
		Release|x64 = Release|x64
		Release|x86 = Release|x86
	EndGlobalSection
	GlobalSection(ProjectConfigurationPlatforms) = postSolution
		{BD9E8C0A-3DB3-448D-AF05-48890C93ACED}.Debug|Any CPU.ActiveCfg = Debug|Any CPU
		{BD9E8C0A-3DB3-448D-AF05-48890C93ACED}.Debug|Any CPU.Build.0 = Debug|Any CPU
		{BD9E8C0A-3DB3-448D-AF05-48890C93ACED}.Debug|x64.ActiveCfg = Debug|Any CPU
		{BD9E8C0A-3DB3-448D-AF05-48890C93ACED}.Debug|x64.Build.0 = Debug|Any CPU
		{BD9E8C0A-3DB3-448D-AF05-48890C93ACED}.Debug|x86.ActiveCfg = Debug|Any CPU
		{BD9E8C0A-3DB3-448D-AF05-48890C93ACED}.Debug|x86.Build.0 = Debug|Any CPU
		{BD9E8C0A-3DB3-448D-AF05-48890C93ACED}.Release|Any CPU.ActiveCfg = Release|Any CPU
		{BD9E8C0A-3DB3-448D-AF05-48890C93ACED}.Release|Any CPU.Build.0 = Release|Any CPU
		{BD9E8C0A-3DB3-448D-AF05-48890C93ACED}.Release|x64.ActiveCfg = Release|Any CPU
		{BD9E8C0A-3DB3-448D-AF05-48890C93ACED}.Release|x64.Build.0 = Release|Any CPU
		{BD9E8C0A-3DB3-448D-AF05-48890C93ACED}.Release|x86.ActiveCfg = Release|Any CPU
		{BD9E8C0A-3DB3-448D-AF05-48890C93ACED}.Release|x86.Build.0 = Release|Any CPU
		{1E5496A1-7E2C-4F11-87B8-EDB5D13FE3AA}.Debug|Any CPU.ActiveCfg = Debug|Any CPU
		{1E5496A1-7E2C-4F11-87B8-EDB5D13FE3AA}.Debug|Any CPU.Build.0 = Debug|Any CPU
		{1E5496A1-7E2C-4F11-87B8-EDB5D13FE3AA}.Debug|x64.ActiveCfg = Debug|Any CPU
		{1E5496A1-7E2C-4F11-87B8-EDB5D13FE3AA}.Debug|x64.Build.0 = Debug|Any CPU
		{1E5496A1-7E2C-4F11-87B8-EDB5D13FE3AA}.Debug|x86.ActiveCfg = Debug|Any CPU
		{1E5496A1-7E2C-4F11-87B8-EDB5D13FE3AA}.Debug|x86.Build.0 = Debug|Any CPU
		{1E5496A1-7E2C-4F11-87B8-EDB5D13FE3AA}.Release|Any CPU.ActiveCfg = Release|Any CPU
		{1E5496A1-7E2C-4F11-87B8-EDB5D13FE3AA}.Release|Any CPU.Build.0 = Release|Any CPU
		{1E5496A1-7E2C-4F11-87B8-EDB5D13FE3AA}.Release|x64.ActiveCfg = Release|Any CPU
		{1E5496A1-7E2C-4F11-87B8-EDB5D13FE3AA}.Release|x64.Build.0 = Release|Any CPU
		{1E5496A1-7E2C-4F11-87B8-EDB5D13FE3AA}.Release|x86.ActiveCfg = Release|Any CPU
		{1E5496A1-7E2C-4F11-87B8-EDB5D13FE3AA}.Release|x86.Build.0 = Release|Any CPU
	EndGlobalSection
	GlobalSection(SolutionProperties) = preSolution
		HideSolutionNode = FALSE
	EndGlobalSection
EndGlobal
